// !$*UTF8*$!
{
	archiveVersion = 1;
	classes = {
	};
	objectVersion = 46;
	objects = {

/* Begin PBXBuildFile section */
		058F6147A1F628C3A567E6BB /* Pods_NyTimesMostPopularArticles_NyTimesMostPopularArticlesTests.framework in Frameworks */ = {isa = PBXBuildFile; fileRef = 0743E6875766FDD678886A83 /* Pods_NyTimesMostPopularArticles_NyTimesMostPopularArticlesTests.framework */; };
		4A411B408DA3017BFCC0EEB5 /* Pods_NyTimesMostPopularArticlesUITests.framework in Frameworks */ = {isa = PBXBuildFile; fileRef = B606C4A2F6B2E8BE3BCA9660 /* Pods_NyTimesMostPopularArticlesUITests.framework */; };
		4B25A72B1F05149C007D5E30 /* AppDelegate.swift in Sources */ = {isa = PBXBuildFile; fileRef = 4B25A72A1F05149C007D5E30 /* AppDelegate.swift */; };
		4B25A72D1F05149C007D5E30 /* ArticlesViewController.swift in Sources */ = {isa = PBXBuildFile; fileRef = 4B25A72C1F05149C007D5E30 /* ArticlesViewController.swift */; };
		4B25A7301F05149C007D5E30 /* Main.storyboard in Resources */ = {isa = PBXBuildFile; fileRef = 4B25A72E1F05149C007D5E30 /* Main.storyboard */; };
		4B25A7321F05149C007D5E30 /* Assets.xcassets in Resources */ = {isa = PBXBuildFile; fileRef = 4B25A7311F05149C007D5E30 /* Assets.xcassets */; };
		4B25A7351F05149C007D5E30 /* LaunchScreen.storyboard in Resources */ = {isa = PBXBuildFile; fileRef = 4B25A7331F05149C007D5E30 /* LaunchScreen.storyboard */; };
		4B25A7401F05149C007D5E30 /* NyTimesMostPopularArticlesTests.swift in Sources */ = {isa = PBXBuildFile; fileRef = 4B25A73F1F05149C007D5E30 /* NyTimesMostPopularArticlesTests.swift */; };
		4B25A74B1F05149C007D5E30 /* NyTimesMostPopularArticlesUITests.swift in Sources */ = {isa = PBXBuildFile; fileRef = 4B25A74A1F05149C007D5E30 /* NyTimesMostPopularArticlesUITests.swift */; };
		4B25A75D1F053394007D5E30 /* Article.swift in Sources */ = {isa = PBXBuildFile; fileRef = 4B25A75C1F053394007D5E30 /* Article.swift */; };
		4B25A75F1F05344D007D5E30 /* Media.swift in Sources */ = {isa = PBXBuildFile; fileRef = 4B25A75E1F05344D007D5E30 /* Media.swift */; };
		4B25A7611F0534A0007D5E30 /* MediaMetadata.swift in Sources */ = {isa = PBXBuildFile; fileRef = 4B25A7601F0534A0007D5E30 /* MediaMetadata.swift */; };
		4B25A7641F05355A007D5E30 /* Section.swift in Sources */ = {isa = PBXBuildFile; fileRef = 4B25A7631F05355A007D5E30 /* Section.swift */; };
		4B25A7661F05358F007D5E30 /* TimePeriod.swift in Sources */ = {isa = PBXBuildFile; fileRef = 4B25A7651F05358F007D5E30 /* TimePeriod.swift */; };
		4B25A7681F053D85007D5E30 /* ArticlesResponse.swift in Sources */ = {isa = PBXBuildFile; fileRef = 4B25A7671F053D85007D5E30 /* ArticlesResponse.swift */; };
		4B25A76A1F054D25007D5E30 /* NyTimesMostPopularArticlesApi.swift in Sources */ = {isa = PBXBuildFile; fileRef = 4B25A7691F054D25007D5E30 /* NyTimesMostPopularArticlesApi.swift */; };
		4B25A76D1F0559DF007D5E30 /* most_popular_articles.json in Resources */ = {isa = PBXBuildFile; fileRef = 4B25A76C1F0559DF007D5E30 /* most_popular_articles.json */; };
		4B6FAB461F05692C0037F34F /* SwinjectStoryboard+Setup.swift in Sources */ = {isa = PBXBuildFile; fileRef = 4B6FAB451F05692C0037F34F /* SwinjectStoryboard+Setup.swift */; };
		4B6FAB491F056D150037F34F /* NyTimesMostPopularRepository.swift in Sources */ = {isa = PBXBuildFile; fileRef = 4B6FAB481F056D150037F34F /* NyTimesMostPopularRepository.swift */; };
		4B6FAB501F0589D70037F34F /* ArticleTableViewCell.swift in Sources */ = {isa = PBXBuildFile; fileRef = 4B6FAB4F1F0589D70037F34F /* ArticleTableViewCell.swift */; };
		4B6FAB521F058B2B0037F34F /* ArticleViewModel.swift in Sources */ = {isa = PBXBuildFile; fileRef = 4B6FAB511F058B2B0037F34F /* ArticleViewModel.swift */; };
		4B6FAB551F0616A40037F34F /* ArticleDetailsViewController.swift in Sources */ = {isa = PBXBuildFile; fileRef = 4B6FAB541F0616A40037F34F /* ArticleDetailsViewController.swift */; };
		5FC7F9AC46373CA76F3342D8 /* Pods_NyTimesMostPopularArticles_Tests_NyTimesMostPopularArticlesUITests.framework in Frameworks */ = {isa = PBXBuildFile; fileRef = E46DF80B4C40F43C3459FDA8 /* Pods_NyTimesMostPopularArticles_Tests_NyTimesMostPopularArticlesUITests.framework */; };
		72BD47F290E2B1119C22641E /* Pods_NyTimesMostPopularArticles_NyTimesMostPopularArticlesUITests.framework in Frameworks */ = {isa = PBXBuildFile; fileRef = 47CE6B2F592C838D90B6FE30 /* Pods_NyTimesMostPopularArticles_NyTimesMostPopularArticlesUITests.framework */; };
		855822D7E4321E5AAB604AE0 /* Pods_NyTimesMostPopularArticles_Tests_NyTimesMostPopularArticlesTests.framework in Frameworks */ = {isa = PBXBuildFile; fileRef = 0ADD887183859B410C7BFF06 /* Pods_NyTimesMostPopularArticles_Tests_NyTimesMostPopularArticlesTests.framework */; };
		935043E7036C15BC6A0C6D00 /* Pods_NyTimesMostPopularArticlesTests.framework in Frameworks */ = {isa = PBXBuildFile; fileRef = 6206C125C9CD758FF08FFA5E /* Pods_NyTimesMostPopularArticlesTests.framework */; };
		A8C943E3BED161BBC0DC6B09 /* Pods_NyTimesMostPopularArticles.framework in Frameworks */ = {isa = PBXBuildFile; fileRef = D79EB9DE25CD355A99DE7ABC /* Pods_NyTimesMostPopularArticles.framework */; };
/* End PBXBuildFile section */

/* Begin PBXContainerItemProxy section */
		4B25A73C1F05149C007D5E30 /* PBXContainerItemProxy */ = {
			isa = PBXContainerItemProxy;
			containerPortal = 4B25A71F1F05149B007D5E30 /* Project object */;
			proxyType = 1;
			remoteGlobalIDString = 4B25A7261F05149B007D5E30;
			remoteInfo = NyTimesMostPopularArticles;
		};
		4B25A7471F05149C007D5E30 /* PBXContainerItemProxy */ = {
			isa = PBXContainerItemProxy;
			containerPortal = 4B25A71F1F05149B007D5E30 /* Project object */;
			proxyType = 1;
			remoteGlobalIDString = 4B25A7261F05149B007D5E30;
			remoteInfo = NyTimesMostPopularArticles;
		};
/* End PBXContainerItemProxy section */

/* Begin PBXFileReference section */
		0177D0A5B0A2E99A0CD33AAC /* Pods-NyTimesMostPopularArticles-NyTimesMostPopularArticlesTests.release.xcconfig */ = {isa = PBXFileReference; includeInIndex = 1; lastKnownFileType = text.xcconfig; name = "Pods-NyTimesMostPopularArticles-NyTimesMostPopularArticlesTests.release.xcconfig"; path = "Pods/Target Support Files/Pods-NyTimesMostPopularArticles-NyTimesMostPopularArticlesTests/Pods-NyTimesMostPopularArticles-NyTimesMostPopularArticlesTests.release.xcconfig"; sourceTree = "<group>"; };
		0743E6875766FDD678886A83 /* Pods_NyTimesMostPopularArticles_NyTimesMostPopularArticlesTests.framework */ = {isa = PBXFileReference; explicitFileType = wrapper.framework; includeInIndex = 0; path = Pods_NyTimesMostPopularArticles_NyTimesMostPopularArticlesTests.framework; sourceTree = BUILT_PRODUCTS_DIR; };
		0ADD887183859B410C7BFF06 /* Pods_NyTimesMostPopularArticles_Tests_NyTimesMostPopularArticlesTests.framework */ = {isa = PBXFileReference; explicitFileType = wrapper.framework; includeInIndex = 0; path = Pods_NyTimesMostPopularArticles_Tests_NyTimesMostPopularArticlesTests.framework; sourceTree = BUILT_PRODUCTS_DIR; };
		159DD3F6854C48234A112EFE /* Pods-NyTimesMostPopularArticlesTests.release.xcconfig */ = {isa = PBXFileReference; includeInIndex = 1; lastKnownFileType = text.xcconfig; name = "Pods-NyTimesMostPopularArticlesTests.release.xcconfig"; path = "Pods/Target Support Files/Pods-NyTimesMostPopularArticlesTests/Pods-NyTimesMostPopularArticlesTests.release.xcconfig"; sourceTree = "<group>"; };
		36A4E2917D5C9645F9223C4F /* Pods-NyTimesMostPopularArticlesUITests.release.xcconfig */ = {isa = PBXFileReference; includeInIndex = 1; lastKnownFileType = text.xcconfig; name = "Pods-NyTimesMostPopularArticlesUITests.release.xcconfig"; path = "Pods/Target Support Files/Pods-NyTimesMostPopularArticlesUITests/Pods-NyTimesMostPopularArticlesUITests.release.xcconfig"; sourceTree = "<group>"; };
		413D97CD58406452E86EC2D1 /* Pods-NyTimesMostPopularArticles-Tests-NyTimesMostPopularArticlesUITests.debug.xcconfig */ = {isa = PBXFileReference; includeInIndex = 1; lastKnownFileType = text.xcconfig; name = "Pods-NyTimesMostPopularArticles-Tests-NyTimesMostPopularArticlesUITests.debug.xcconfig"; path = "Pods/Target Support Files/Pods-NyTimesMostPopularArticles-Tests-NyTimesMostPopularArticlesUITests/Pods-NyTimesMostPopularArticles-Tests-NyTimesMostPopularArticlesUITests.debug.xcconfig"; sourceTree = "<group>"; };
		475063E5D288D4C947743886 /* Pods-NyTimesMostPopularArticles-Tests-NyTimesMostPopularArticlesTests.debug.xcconfig */ = {isa = PBXFileReference; includeInIndex = 1; lastKnownFileType = text.xcconfig; name = "Pods-NyTimesMostPopularArticles-Tests-NyTimesMostPopularArticlesTests.debug.xcconfig"; path = "Pods/Target Support Files/Pods-NyTimesMostPopularArticles-Tests-NyTimesMostPopularArticlesTests/Pods-NyTimesMostPopularArticles-Tests-NyTimesMostPopularArticlesTests.debug.xcconfig"; sourceTree = "<group>"; };
		47CE6B2F592C838D90B6FE30 /* Pods_NyTimesMostPopularArticles_NyTimesMostPopularArticlesUITests.framework */ = {isa = PBXFileReference; explicitFileType = wrapper.framework; includeInIndex = 0; path = Pods_NyTimesMostPopularArticles_NyTimesMostPopularArticlesUITests.framework; sourceTree = BUILT_PRODUCTS_DIR; };
		4B25A7271F05149B007D5E30 /* NyTimesMostPopularArticles.app */ = {isa = PBXFileReference; explicitFileType = wrapper.application; includeInIndex = 0; path = NyTimesMostPopularArticles.app; sourceTree = BUILT_PRODUCTS_DIR; };
		4B25A72A1F05149C007D5E30 /* AppDelegate.swift */ = {isa = PBXFileReference; lastKnownFileType = sourcecode.swift; path = AppDelegate.swift; sourceTree = "<group>"; };
		4B25A72C1F05149C007D5E30 /* ArticlesViewController.swift */ = {isa = PBXFileReference; lastKnownFileType = sourcecode.swift; path = ArticlesViewController.swift; sourceTree = "<group>"; };
		4B25A72F1F05149C007D5E30 /* Base */ = {isa = PBXFileReference; lastKnownFileType = file.storyboard; name = Base; path = Base.lproj/Main.storyboard; sourceTree = "<group>"; };
		4B25A7311F05149C007D5E30 /* Assets.xcassets */ = {isa = PBXFileReference; lastKnownFileType = folder.assetcatalog; path = Assets.xcassets; sourceTree = "<group>"; };
		4B25A7341F05149C007D5E30 /* Base */ = {isa = PBXFileReference; lastKnownFileType = file.storyboard; name = Base; path = Base.lproj/LaunchScreen.storyboard; sourceTree = "<group>"; };
		4B25A7361F05149C007D5E30 /* Info.plist */ = {isa = PBXFileReference; lastKnownFileType = text.plist.xml; path = Info.plist; sourceTree = "<group>"; };
		4B25A73B1F05149C007D5E30 /* NyTimesMostPopularArticlesTests.xctest */ = {isa = PBXFileReference; explicitFileType = wrapper.cfbundle; includeInIndex = 0; path = NyTimesMostPopularArticlesTests.xctest; sourceTree = BUILT_PRODUCTS_DIR; };
		4B25A73F1F05149C007D5E30 /* NyTimesMostPopularArticlesTests.swift */ = {isa = PBXFileReference; lastKnownFileType = sourcecode.swift; path = NyTimesMostPopularArticlesTests.swift; sourceTree = "<group>"; };
		4B25A7411F05149C007D5E30 /* Info.plist */ = {isa = PBXFileReference; lastKnownFileType = text.plist.xml; path = Info.plist; sourceTree = "<group>"; };
		4B25A7461F05149C007D5E30 /* NyTimesMostPopularArticlesUITests.xctest */ = {isa = PBXFileReference; explicitFileType = wrapper.cfbundle; includeInIndex = 0; path = NyTimesMostPopularArticlesUITests.xctest; sourceTree = BUILT_PRODUCTS_DIR; };
		4B25A74A1F05149C007D5E30 /* NyTimesMostPopularArticlesUITests.swift */ = {isa = PBXFileReference; lastKnownFileType = sourcecode.swift; path = NyTimesMostPopularArticlesUITests.swift; sourceTree = "<group>"; };
		4B25A74C1F05149C007D5E30 /* Info.plist */ = {isa = PBXFileReference; lastKnownFileType = text.plist.xml; path = Info.plist; sourceTree = "<group>"; };
		4B25A75C1F053394007D5E30 /* Article.swift */ = {isa = PBXFileReference; fileEncoding = 4; lastKnownFileType = sourcecode.swift; path = Article.swift; sourceTree = "<group>"; };
		4B25A75E1F05344D007D5E30 /* Media.swift */ = {isa = PBXFileReference; fileEncoding = 4; lastKnownFileType = sourcecode.swift; path = Media.swift; sourceTree = "<group>"; };
		4B25A7601F0534A0007D5E30 /* MediaMetadata.swift */ = {isa = PBXFileReference; fileEncoding = 4; lastKnownFileType = sourcecode.swift; path = MediaMetadata.swift; sourceTree = "<group>"; };
		4B25A7631F05355A007D5E30 /* Section.swift */ = {isa = PBXFileReference; fileEncoding = 4; lastKnownFileType = sourcecode.swift; path = Section.swift; sourceTree = "<group>"; };
		4B25A7651F05358F007D5E30 /* TimePeriod.swift */ = {isa = PBXFileReference; fileEncoding = 4; lastKnownFileType = sourcecode.swift; path = TimePeriod.swift; sourceTree = "<group>"; };
		4B25A7671F053D85007D5E30 /* ArticlesResponse.swift */ = {isa = PBXFileReference; fileEncoding = 4; lastKnownFileType = sourcecode.swift; path = ArticlesResponse.swift; sourceTree = "<group>"; };
		4B25A7691F054D25007D5E30 /* NyTimesMostPopularArticlesApi.swift */ = {isa = PBXFileReference; fileEncoding = 4; lastKnownFileType = sourcecode.swift; path = NyTimesMostPopularArticlesApi.swift; sourceTree = "<group>"; };
		4B25A76C1F0559DF007D5E30 /* most_popular_articles.json */ = {isa = PBXFileReference; fileEncoding = 4; lastKnownFileType = text.json; path = most_popular_articles.json; sourceTree = "<group>"; };
		4B6FAB451F05692C0037F34F /* SwinjectStoryboard+Setup.swift */ = {isa = PBXFileReference; fileEncoding = 4; lastKnownFileType = sourcecode.swift; path = "SwinjectStoryboard+Setup.swift"; sourceTree = "<group>"; };
		4B6FAB481F056D150037F34F /* NyTimesMostPopularRepository.swift */ = {isa = PBXFileReference; fileEncoding = 4; lastKnownFileType = sourcecode.swift; path = NyTimesMostPopularRepository.swift; sourceTree = "<group>"; };
		4B6FAB4F1F0589D70037F34F /* ArticleTableViewCell.swift */ = {isa = PBXFileReference; fileEncoding = 4; lastKnownFileType = sourcecode.swift; path = ArticleTableViewCell.swift; sourceTree = "<group>"; };
		4B6FAB511F058B2B0037F34F /* ArticleViewModel.swift */ = {isa = PBXFileReference; fileEncoding = 4; lastKnownFileType = sourcecode.swift; path = ArticleViewModel.swift; sourceTree = "<group>"; };
		4B6FAB541F0616A40037F34F /* ArticleDetailsViewController.swift */ = {isa = PBXFileReference; fileEncoding = 4; lastKnownFileType = sourcecode.swift; path = ArticleDetailsViewController.swift; sourceTree = "<group>"; };
		4D0A2B65A49795BF7BA17A14 /* Pods-NyTimesMostPopularArticles.release.xcconfig */ = {isa = PBXFileReference; includeInIndex = 1; lastKnownFileType = text.xcconfig; name = "Pods-NyTimesMostPopularArticles.release.xcconfig"; path = "Pods/Target Support Files/Pods-NyTimesMostPopularArticles/Pods-NyTimesMostPopularArticles.release.xcconfig"; sourceTree = "<group>"; };
		6206C125C9CD758FF08FFA5E /* Pods_NyTimesMostPopularArticlesTests.framework */ = {isa = PBXFileReference; explicitFileType = wrapper.framework; includeInIndex = 0; path = Pods_NyTimesMostPopularArticlesTests.framework; sourceTree = BUILT_PRODUCTS_DIR; };
		63D71094AECCB2C8212BA482 /* Pods-NyTimesMostPopularArticlesUITests.debug.xcconfig */ = {isa = PBXFileReference; includeInIndex = 1; lastKnownFileType = text.xcconfig; name = "Pods-NyTimesMostPopularArticlesUITests.debug.xcconfig"; path = "Pods/Target Support Files/Pods-NyTimesMostPopularArticlesUITests/Pods-NyTimesMostPopularArticlesUITests.debug.xcconfig"; sourceTree = "<group>"; };
		8B9F7016054FF45B84D85B8E /* Pods-NyTimesMostPopularArticles-NyTimesMostPopularArticlesTests.debug.xcconfig */ = {isa = PBXFileReference; includeInIndex = 1; lastKnownFileType = text.xcconfig; name = "Pods-NyTimesMostPopularArticles-NyTimesMostPopularArticlesTests.debug.xcconfig"; path = "Pods/Target Support Files/Pods-NyTimesMostPopularArticles-NyTimesMostPopularArticlesTests/Pods-NyTimesMostPopularArticles-NyTimesMostPopularArticlesTests.debug.xcconfig"; sourceTree = "<group>"; };
		9AE5B422ACC4F8985DCBA765 /* Pods-NyTimesMostPopularArticles-NyTimesMostPopularArticlesUITests.release.xcconfig */ = {isa = PBXFileReference; includeInIndex = 1; lastKnownFileType = text.xcconfig; name = "Pods-NyTimesMostPopularArticles-NyTimesMostPopularArticlesUITests.release.xcconfig"; path = "Pods/Target Support Files/Pods-NyTimesMostPopularArticles-NyTimesMostPopularArticlesUITests/Pods-NyTimesMostPopularArticles-NyTimesMostPopularArticlesUITests.release.xcconfig"; sourceTree = "<group>"; };
		B3DE37C89F486701DDEBBE34 /* Pods-NyTimesMostPopularArticles-Tests-NyTimesMostPopularArticlesTests.release.xcconfig */ = {isa = PBXFileReference; includeInIndex = 1; lastKnownFileType = text.xcconfig; name = "Pods-NyTimesMostPopularArticles-Tests-NyTimesMostPopularArticlesTests.release.xcconfig"; path = "Pods/Target Support Files/Pods-NyTimesMostPopularArticles-Tests-NyTimesMostPopularArticlesTests/Pods-NyTimesMostPopularArticles-Tests-NyTimesMostPopularArticlesTests.release.xcconfig"; sourceTree = "<group>"; };
		B606C4A2F6B2E8BE3BCA9660 /* Pods_NyTimesMostPopularArticlesUITests.framework */ = {isa = PBXFileReference; explicitFileType = wrapper.framework; includeInIndex = 0; path = Pods_NyTimesMostPopularArticlesUITests.framework; sourceTree = BUILT_PRODUCTS_DIR; };
		BE36FFB5C0B6D1C1F098AFCE /* Pods-NyTimesMostPopularArticles.debug.xcconfig */ = {isa = PBXFileReference; includeInIndex = 1; lastKnownFileType = text.xcconfig; name = "Pods-NyTimesMostPopularArticles.debug.xcconfig"; path = "Pods/Target Support Files/Pods-NyTimesMostPopularArticles/Pods-NyTimesMostPopularArticles.debug.xcconfig"; sourceTree = "<group>"; };
		BE9F12DFF7FE5420D6E5CE48 /* Pods-NyTimesMostPopularArticles-Tests-NyTimesMostPopularArticlesUITests.release.xcconfig */ = {isa = PBXFileReference; includeInIndex = 1; lastKnownFileType = text.xcconfig; name = "Pods-NyTimesMostPopularArticles-Tests-NyTimesMostPopularArticlesUITests.release.xcconfig"; path = "Pods/Target Support Files/Pods-NyTimesMostPopularArticles-Tests-NyTimesMostPopularArticlesUITests/Pods-NyTimesMostPopularArticles-Tests-NyTimesMostPopularArticlesUITests.release.xcconfig"; sourceTree = "<group>"; };
		C7A8142B61D13B43CACD151E /* Pods-NyTimesMostPopularArticles-NyTimesMostPopularArticlesUITests.debug.xcconfig */ = {isa = PBXFileReference; includeInIndex = 1; lastKnownFileType = text.xcconfig; name = "Pods-NyTimesMostPopularArticles-NyTimesMostPopularArticlesUITests.debug.xcconfig"; path = "Pods/Target Support Files/Pods-NyTimesMostPopularArticles-NyTimesMostPopularArticlesUITests/Pods-NyTimesMostPopularArticles-NyTimesMostPopularArticlesUITests.debug.xcconfig"; sourceTree = "<group>"; };
		D79EB9DE25CD355A99DE7ABC /* Pods_NyTimesMostPopularArticles.framework */ = {isa = PBXFileReference; explicitFileType = wrapper.framework; includeInIndex = 0; path = Pods_NyTimesMostPopularArticles.framework; sourceTree = BUILT_PRODUCTS_DIR; };
		E46DF80B4C40F43C3459FDA8 /* Pods_NyTimesMostPopularArticles_Tests_NyTimesMostPopularArticlesUITests.framework */ = {isa = PBXFileReference; explicitFileType = wrapper.framework; includeInIndex = 0; path = Pods_NyTimesMostPopularArticles_Tests_NyTimesMostPopularArticlesUITests.framework; sourceTree = BUILT_PRODUCTS_DIR; };
		FB2D779DCB5A78A9CEE6288A /* Pods-NyTimesMostPopularArticlesTests.debug.xcconfig */ = {isa = PBXFileReference; includeInIndex = 1; lastKnownFileType = text.xcconfig; name = "Pods-NyTimesMostPopularArticlesTests.debug.xcconfig"; path = "Pods/Target Support Files/Pods-NyTimesMostPopularArticlesTests/Pods-NyTimesMostPopularArticlesTests.debug.xcconfig"; sourceTree = "<group>"; };
/* End PBXFileReference section */

/* Begin PBXFrameworksBuildPhase section */
		4B25A7241F05149B007D5E30 /* Frameworks */ = {
			isa = PBXFrameworksBuildPhase;
			buildActionMask = 2147483647;
			files = (
				A8C943E3BED161BBC0DC6B09 /* Pods_NyTimesMostPopularArticles.framework in Frameworks */,
			);
			runOnlyForDeploymentPostprocessing = 0;
		};
		4B25A7381F05149C007D5E30 /* Frameworks */ = {
			isa = PBXFrameworksBuildPhase;
			buildActionMask = 2147483647;
			files = (
				935043E7036C15BC6A0C6D00 /* Pods_NyTimesMostPopularArticlesTests.framework in Frameworks */,
				855822D7E4321E5AAB604AE0 /* Pods_NyTimesMostPopularArticles_Tests_NyTimesMostPopularArticlesTests.framework in Frameworks */,
				058F6147A1F628C3A567E6BB /* Pods_NyTimesMostPopularArticles_NyTimesMostPopularArticlesTests.framework in Frameworks */,
			);
			runOnlyForDeploymentPostprocessing = 0;
		};
		4B25A7431F05149C007D5E30 /* Frameworks */ = {
			isa = PBXFrameworksBuildPhase;
			buildActionMask = 2147483647;
			files = (
				4A411B408DA3017BFCC0EEB5 /* Pods_NyTimesMostPopularArticlesUITests.framework in Frameworks */,
				5FC7F9AC46373CA76F3342D8 /* Pods_NyTimesMostPopularArticles_Tests_NyTimesMostPopularArticlesUITests.framework in Frameworks */,
				72BD47F290E2B1119C22641E /* Pods_NyTimesMostPopularArticles_NyTimesMostPopularArticlesUITests.framework in Frameworks */,
			);
			runOnlyForDeploymentPostprocessing = 0;
		};
/* End PBXFrameworksBuildPhase section */

/* Begin PBXGroup section */
		4850352E57B292A302444D90 /* Frameworks */ = {
			isa = PBXGroup;
			children = (
				D79EB9DE25CD355A99DE7ABC /* Pods_NyTimesMostPopularArticles.framework */,
				6206C125C9CD758FF08FFA5E /* Pods_NyTimesMostPopularArticlesTests.framework */,
				B606C4A2F6B2E8BE3BCA9660 /* Pods_NyTimesMostPopularArticlesUITests.framework */,
				0ADD887183859B410C7BFF06 /* Pods_NyTimesMostPopularArticles_Tests_NyTimesMostPopularArticlesTests.framework */,
				E46DF80B4C40F43C3459FDA8 /* Pods_NyTimesMostPopularArticles_Tests_NyTimesMostPopularArticlesUITests.framework */,
				0743E6875766FDD678886A83 /* Pods_NyTimesMostPopularArticles_NyTimesMostPopularArticlesTests.framework */,
				47CE6B2F592C838D90B6FE30 /* Pods_NyTimesMostPopularArticles_NyTimesMostPopularArticlesUITests.framework */,
			);
			name = Frameworks;
			sourceTree = "<group>";
		};
		4B25A71E1F05149B007D5E30 = {
			isa = PBXGroup;
			children = (
				4B25A7291F05149B007D5E30 /* NyTimesMostPopularArticles */,
				4B25A73E1F05149C007D5E30 /* NyTimesMostPopularArticlesTests */,
				4B25A7491F05149C007D5E30 /* NyTimesMostPopularArticlesUITests */,
				4B25A7281F05149B007D5E30 /* Products */,
				E7708E0107FB36E2C9EE453F /* Pods */,
				4850352E57B292A302444D90 /* Frameworks */,
			);
			sourceTree = "<group>";
		};
		4B25A7281F05149B007D5E30 /* Products */ = {
			isa = PBXGroup;
			children = (
				4B25A7271F05149B007D5E30 /* NyTimesMostPopularArticles.app */,
				4B25A73B1F05149C007D5E30 /* NyTimesMostPopularArticlesTests.xctest */,
				4B25A7461F05149C007D5E30 /* NyTimesMostPopularArticlesUITests.xctest */,
			);
			name = Products;
			sourceTree = "<group>";
		};
		4B25A7291F05149B007D5E30 /* NyTimesMostPopularArticles */ = {
			isa = PBXGroup;
			children = (
				4B25A7581F053155007D5E30 /* Networking */,
				4B6FAB471F056CEE0037F34F /* Repository */,
				4B6FAB4D1F0580690037F34F /* Screens */,
				4B25A72A1F05149C007D5E30 /* AppDelegate.swift */,
				4B6FAB451F05692C0037F34F /* SwinjectStoryboard+Setup.swift */,
				4B25A7311F05149C007D5E30 /* Assets.xcassets */,
				4B25A7331F05149C007D5E30 /* LaunchScreen.storyboard */,
				4B25A7361F05149C007D5E30 /* Info.plist */,
			);
			path = NyTimesMostPopularArticles;
			sourceTree = "<group>";
		};
		4B25A73E1F05149C007D5E30 /* NyTimesMostPopularArticlesTests */ = {
			isa = PBXGroup;
			children = (
				4B25A73F1F05149C007D5E30 /* NyTimesMostPopularArticlesTests.swift */,
				4B25A7411F05149C007D5E30 /* Info.plist */,
			);
			path = NyTimesMostPopularArticlesTests;
			sourceTree = "<group>";
		};
		4B25A7491F05149C007D5E30 /* NyTimesMostPopularArticlesUITests */ = {
			isa = PBXGroup;
			children = (
				4B25A74A1F05149C007D5E30 /* NyTimesMostPopularArticlesUITests.swift */,
				4B25A74C1F05149C007D5E30 /* Info.plist */,
			);
			path = NyTimesMostPopularArticlesUITests;
			sourceTree = "<group>";
		};
		4B25A7581F053155007D5E30 /* Networking */ = {
			isa = PBXGroup;
			children = (
				4B25A76B1F055940007D5E30 /* Stubbed Response */,
				4B25A7591F053164007D5E30 /* Models */,
				4B25A7691F054D25007D5E30 /* NyTimesMostPopularArticlesApi.swift */,
			);
			name = Networking;
			sourceTree = "<group>";
		};
		4B25A7591F053164007D5E30 /* Models */ = {
			isa = PBXGroup;
			children = (
				4B25A7621F053548007D5E30 /* PathParams */,
				4B25A75C1F053394007D5E30 /* Article.swift */,
				4B25A75E1F05344D007D5E30 /* Media.swift */,
				4B25A7601F0534A0007D5E30 /* MediaMetadata.swift */,
				4B25A7671F053D85007D5E30 /* ArticlesResponse.swift */,
			);
			name = Models;
			sourceTree = "<group>";
		};
		4B25A7621F053548007D5E30 /* PathParams */ = {
			isa = PBXGroup;
			children = (
				4B25A7631F05355A007D5E30 /* Section.swift */,
				4B25A7651F05358F007D5E30 /* TimePeriod.swift */,
			);
			name = PathParams;
			sourceTree = "<group>";
		};
		4B25A76B1F055940007D5E30 /* Stubbed Response */ = {
			isa = PBXGroup;
			children = (
				4B25A76C1F0559DF007D5E30 /* most_popular_articles.json */,
			);
			name = "Stubbed Response";
			sourceTree = "<group>";
		};
		4B6FAB471F056CEE0037F34F /* Repository */ = {
			isa = PBXGroup;
			children = (
				4B6FAB481F056D150037F34F /* NyTimesMostPopularRepository.swift */,
			);
			name = Repository;
			sourceTree = "<group>";
		};
		4B6FAB4D1F0580690037F34F /* Screens */ = {
			isa = PBXGroup;
			children = (
				4B6FAB4E1F0589BA0037F34F /* Articles */,
				4B6FAB531F0612040037F34F /* ArticleDetails */,
				4B25A72E1F05149C007D5E30 /* Main.storyboard */,
			);
			name = Screens;
			sourceTree = "<group>";
		};
		4B6FAB4E1F0589BA0037F34F /* Articles */ = {
			isa = PBXGroup;
			children = (
				4B25A72C1F05149C007D5E30 /* ArticlesViewController.swift */,
				4B6FAB4F1F0589D70037F34F /* ArticleTableViewCell.swift */,
				4B6FAB511F058B2B0037F34F /* ArticleViewModel.swift */,
			);
			name = Articles;
			sourceTree = "<group>";
		};
		4B6FAB531F0612040037F34F /* ArticleDetails */ = {
			isa = PBXGroup;
			children = (
				4B6FAB541F0616A40037F34F /* ArticleDetailsViewController.swift */,
			);
			name = ArticleDetails;
			sourceTree = "<group>";
		};
		E7708E0107FB36E2C9EE453F /* Pods */ = {
			isa = PBXGroup;
			children = (
				BE36FFB5C0B6D1C1F098AFCE /* Pods-NyTimesMostPopularArticles.debug.xcconfig */,
				4D0A2B65A49795BF7BA17A14 /* Pods-NyTimesMostPopularArticles.release.xcconfig */,
				FB2D779DCB5A78A9CEE6288A /* Pods-NyTimesMostPopularArticlesTests.debug.xcconfig */,
				159DD3F6854C48234A112EFE /* Pods-NyTimesMostPopularArticlesTests.release.xcconfig */,
				63D71094AECCB2C8212BA482 /* Pods-NyTimesMostPopularArticlesUITests.debug.xcconfig */,
				36A4E2917D5C9645F9223C4F /* Pods-NyTimesMostPopularArticlesUITests.release.xcconfig */,
				475063E5D288D4C947743886 /* Pods-NyTimesMostPopularArticles-Tests-NyTimesMostPopularArticlesTests.debug.xcconfig */,
				B3DE37C89F486701DDEBBE34 /* Pods-NyTimesMostPopularArticles-Tests-NyTimesMostPopularArticlesTests.release.xcconfig */,
				413D97CD58406452E86EC2D1 /* Pods-NyTimesMostPopularArticles-Tests-NyTimesMostPopularArticlesUITests.debug.xcconfig */,
				BE9F12DFF7FE5420D6E5CE48 /* Pods-NyTimesMostPopularArticles-Tests-NyTimesMostPopularArticlesUITests.release.xcconfig */,
				8B9F7016054FF45B84D85B8E /* Pods-NyTimesMostPopularArticles-NyTimesMostPopularArticlesTests.debug.xcconfig */,
				0177D0A5B0A2E99A0CD33AAC /* Pods-NyTimesMostPopularArticles-NyTimesMostPopularArticlesTests.release.xcconfig */,
				C7A8142B61D13B43CACD151E /* Pods-NyTimesMostPopularArticles-NyTimesMostPopularArticlesUITests.debug.xcconfig */,
				9AE5B422ACC4F8985DCBA765 /* Pods-NyTimesMostPopularArticles-NyTimesMostPopularArticlesUITests.release.xcconfig */,
			);
			name = Pods;
			sourceTree = "<group>";
		};
/* End PBXGroup section */

/* Begin PBXNativeTarget section */
		4B25A7261F05149B007D5E30 /* NyTimesMostPopularArticles */ = {
			isa = PBXNativeTarget;
			buildConfigurationList = 4B25A74F1F05149C007D5E30 /* Build configuration list for PBXNativeTarget "NyTimesMostPopularArticles" */;
			buildPhases = (
				8F506F49973EFBAC3E9A85A0 /* [CP] Check Pods Manifest.lock */,
				4B25A7231F05149B007D5E30 /* Sources */,
				4B25A7241F05149B007D5E30 /* Frameworks */,
				4B25A7251F05149B007D5E30 /* Resources */,
				0F82FB8D4EA54DAE71E4114D /* [CP] Embed Pods Frameworks */,
				E33EC2EBBADE9D512B686C51 /* [CP] Copy Pods Resources */,
			);
			buildRules = (
			);
			dependencies = (
			);
			name = NyTimesMostPopularArticles;
			productName = NyTimesMostPopularArticles;
			productReference = 4B25A7271F05149B007D5E30 /* NyTimesMostPopularArticles.app */;
			productType = "com.apple.product-type.application";
		};
		4B25A73A1F05149C007D5E30 /* NyTimesMostPopularArticlesTests */ = {
			isa = PBXNativeTarget;
			buildConfigurationList = 4B25A7521F05149C007D5E30 /* Build configuration list for PBXNativeTarget "NyTimesMostPopularArticlesTests" */;
			buildPhases = (
				2F2048C998FD87B05EF3D69F /* [CP] Check Pods Manifest.lock */,
				4B25A7371F05149C007D5E30 /* Sources */,
				4B25A7381F05149C007D5E30 /* Frameworks */,
				4B25A7391F05149C007D5E30 /* Resources */,
				4B4ECFB4289DF95CB3170799 /* [CP] Embed Pods Frameworks */,
				274DB02BBF230C2731CDAD02 /* [CP] Copy Pods Resources */,
			);
			buildRules = (
			);
			dependencies = (
				4B25A73D1F05149C007D5E30 /* PBXTargetDependency */,
			);
			name = NyTimesMostPopularArticlesTests;
			productName = NyTimesMostPopularArticlesTests;
			productReference = 4B25A73B1F05149C007D5E30 /* NyTimesMostPopularArticlesTests.xctest */;
			productType = "com.apple.product-type.bundle.unit-test";
		};
		4B25A7451F05149C007D5E30 /* NyTimesMostPopularArticlesUITests */ = {
			isa = PBXNativeTarget;
			buildConfigurationList = 4B25A7551F05149C007D5E30 /* Build configuration list for PBXNativeTarget "NyTimesMostPopularArticlesUITests" */;
			buildPhases = (
				55D2B28DF901FDFB09FCA684 /* [CP] Check Pods Manifest.lock */,
				4B25A7421F05149C007D5E30 /* Sources */,
				4B25A7431F05149C007D5E30 /* Frameworks */,
				4B25A7441F05149C007D5E30 /* Resources */,
				192F67CFFE088C60267AC6C7 /* [CP] Embed Pods Frameworks */,
				29F0361857A15334F47C5B9D /* [CP] Copy Pods Resources */,
			);
			buildRules = (
			);
			dependencies = (
				4B25A7481F05149C007D5E30 /* PBXTargetDependency */,
			);
			name = NyTimesMostPopularArticlesUITests;
			productName = NyTimesMostPopularArticlesUITests;
			productReference = 4B25A7461F05149C007D5E30 /* NyTimesMostPopularArticlesUITests.xctest */;
			productType = "com.apple.product-type.bundle.ui-testing";
		};
/* End PBXNativeTarget section */

/* Begin PBXProject section */
		4B25A71F1F05149B007D5E30 /* Project object */ = {
			isa = PBXProject;
			attributes = {
				LastSwiftUpdateCheck = 0830;
				LastUpgradeCheck = 0830;
				ORGANIZATIONNAME = "Balazs Varga";
				TargetAttributes = {
					4B25A7261F05149B007D5E30 = {
						CreatedOnToolsVersion = 8.3.3;
						ProvisioningStyle = Automatic;
					};
					4B25A73A1F05149C007D5E30 = {
						CreatedOnToolsVersion = 8.3.3;
						ProvisioningStyle = Automatic;
						TestTargetID = 4B25A7261F05149B007D5E30;
					};
					4B25A7451F05149C007D5E30 = {
						CreatedOnToolsVersion = 8.3.3;
						ProvisioningStyle = Automatic;
						TestTargetID = 4B25A7261F05149B007D5E30;
					};
				};
			};
			buildConfigurationList = 4B25A7221F05149B007D5E30 /* Build configuration list for PBXProject "NyTimesMostPopularArticles" */;
			compatibilityVersion = "Xcode 3.2";
			developmentRegion = English;
			hasScannedForEncodings = 0;
			knownRegions = (
				en,
				Base,
			);
			mainGroup = 4B25A71E1F05149B007D5E30;
			productRefGroup = 4B25A7281F05149B007D5E30 /* Products */;
			projectDirPath = "";
			projectRoot = "";
			targets = (
				4B25A7261F05149B007D5E30 /* NyTimesMostPopularArticles */,
				4B25A73A1F05149C007D5E30 /* NyTimesMostPopularArticlesTests */,
				4B25A7451F05149C007D5E30 /* NyTimesMostPopularArticlesUITests */,
			);
		};
/* End PBXProject section */

/* Begin PBXResourcesBuildPhase section */
		4B25A7251F05149B007D5E30 /* Resources */ = {
			isa = PBXResourcesBuildPhase;
			buildActionMask = 2147483647;
			files = (
				4B25A7351F05149C007D5E30 /* LaunchScreen.storyboard in Resources */,
				4B25A76D1F0559DF007D5E30 /* most_popular_articles.json in Resources */,
				4B25A7321F05149C007D5E30 /* Assets.xcassets in Resources */,
				4B25A7301F05149C007D5E30 /* Main.storyboard in Resources */,
			);
			runOnlyForDeploymentPostprocessing = 0;
		};
		4B25A7391F05149C007D5E30 /* Resources */ = {
			isa = PBXResourcesBuildPhase;
			buildActionMask = 2147483647;
			files = (
			);
			runOnlyForDeploymentPostprocessing = 0;
		};
		4B25A7441F05149C007D5E30 /* Resources */ = {
			isa = PBXResourcesBuildPhase;
			buildActionMask = 2147483647;
			files = (
			);
			runOnlyForDeploymentPostprocessing = 0;
		};
/* End PBXResourcesBuildPhase section */

/* Begin PBXShellScriptBuildPhase section */
		0F82FB8D4EA54DAE71E4114D /* [CP] Embed Pods Frameworks */ = {
			isa = PBXShellScriptBuildPhase;
			buildActionMask = 2147483647;
			files = (
			);
			inputPaths = (
			);
			name = "[CP] Embed Pods Frameworks";
			outputPaths = (
			);
			runOnlyForDeploymentPostprocessing = 0;
			shellPath = /bin/sh;
			shellScript = "\"${SRCROOT}/Pods/Target Support Files/Pods-NyTimesMostPopularArticles/Pods-NyTimesMostPopularArticles-frameworks.sh\"\n";
			showEnvVarsInLog = 0;
		};
		192F67CFFE088C60267AC6C7 /* [CP] Embed Pods Frameworks */ = {
			isa = PBXShellScriptBuildPhase;
			buildActionMask = 2147483647;
			files = (
			);
			inputPaths = (
			);
			name = "[CP] Embed Pods Frameworks";
			outputPaths = (
			);
			runOnlyForDeploymentPostprocessing = 0;
			shellPath = /bin/sh;
			shellScript = "\"${SRCROOT}/Pods/Target Support Files/Pods-NyTimesMostPopularArticlesUITests/Pods-NyTimesMostPopularArticlesUITests-frameworks.sh\"\n";
			showEnvVarsInLog = 0;
		};
		274DB02BBF230C2731CDAD02 /* [CP] Copy Pods Resources */ = {
			isa = PBXShellScriptBuildPhase;
			buildActionMask = 2147483647;
			files = (
			);
			inputPaths = (
			);
			name = "[CP] Copy Pods Resources";
			outputPaths = (
			);
			runOnlyForDeploymentPostprocessing = 0;
			shellPath = /bin/sh;
			shellScript = "\"${SRCROOT}/Pods/Target Support Files/Pods-NyTimesMostPopularArticlesTests/Pods-NyTimesMostPopularArticlesTests-resources.sh\"\n";
			showEnvVarsInLog = 0;
		};
		29F0361857A15334F47C5B9D /* [CP] Copy Pods Resources */ = {
			isa = PBXShellScriptBuildPhase;
			buildActionMask = 2147483647;
			files = (
			);
			inputPaths = (
			);
			name = "[CP] Copy Pods Resources";
			outputPaths = (
			);
			runOnlyForDeploymentPostprocessing = 0;
			shellPath = /bin/sh;
			shellScript = "\"${SRCROOT}/Pods/Target Support Files/Pods-NyTimesMostPopularArticlesUITests/Pods-NyTimesMostPopularArticlesUITests-resources.sh\"\n";
			showEnvVarsInLog = 0;
		};
		2F2048C998FD87B05EF3D69F /* [CP] Check Pods Manifest.lock */ = {
			isa = PBXShellScriptBuildPhase;
			buildActionMask = 2147483647;
			files = (
			);
			inputPaths = (
			);
			name = "[CP] Check Pods Manifest.lock";
			outputPaths = (
			);
			runOnlyForDeploymentPostprocessing = 0;
			shellPath = /bin/sh;
			shellScript = "diff \"${PODS_PODFILE_DIR_PATH}/Podfile.lock\" \"${PODS_ROOT}/Manifest.lock\" > /dev/null\nif [ $? != 0 ] ; then\n    # print error to STDERR\n    echo \"error: The sandbox is not in sync with the Podfile.lock. Run 'pod install' or update your CocoaPods installation.\" >&2\n    exit 1\nfi\n";
			showEnvVarsInLog = 0;
		};
		4B4ECFB4289DF95CB3170799 /* [CP] Embed Pods Frameworks */ = {
			isa = PBXShellScriptBuildPhase;
			buildActionMask = 2147483647;
			files = (
			);
			inputPaths = (
			);
			name = "[CP] Embed Pods Frameworks";
			outputPaths = (
			);
			runOnlyForDeploymentPostprocessing = 0;
			shellPath = /bin/sh;
			shellScript = "\"${SRCROOT}/Pods/Target Support Files/Pods-NyTimesMostPopularArticlesTests/Pods-NyTimesMostPopularArticlesTests-frameworks.sh\"\n";
			showEnvVarsInLog = 0;
		};
		55D2B28DF901FDFB09FCA684 /* [CP] Check Pods Manifest.lock */ = {
			isa = PBXShellScriptBuildPhase;
			buildActionMask = 2147483647;
			files = (
			);
			inputPaths = (
			);
			name = "[CP] Check Pods Manifest.lock";
			outputPaths = (
			);
			runOnlyForDeploymentPostprocessing = 0;
			shellPath = /bin/sh;
			shellScript = "diff \"${PODS_PODFILE_DIR_PATH}/Podfile.lock\" \"${PODS_ROOT}/Manifest.lock\" > /dev/null\nif [ $? != 0 ] ; then\n    # print error to STDERR\n    echo \"error: The sandbox is not in sync with the Podfile.lock. Run 'pod install' or update your CocoaPods installation.\" >&2\n    exit 1\nfi\n";
			showEnvVarsInLog = 0;
		};
		8F506F49973EFBAC3E9A85A0 /* [CP] Check Pods Manifest.lock */ = {
			isa = PBXShellScriptBuildPhase;
			buildActionMask = 2147483647;
			files = (
			);
			inputPaths = (
			);
			name = "[CP] Check Pods Manifest.lock";
			outputPaths = (
			);
			runOnlyForDeploymentPostprocessing = 0;
			shellPath = /bin/sh;
			shellScript = "diff \"${PODS_PODFILE_DIR_PATH}/Podfile.lock\" \"${PODS_ROOT}/Manifest.lock\" > /dev/null\nif [ $? != 0 ] ; then\n    # print error to STDERR\n    echo \"error: The sandbox is not in sync with the Podfile.lock. Run 'pod install' or update your CocoaPods installation.\" >&2\n    exit 1\nfi\n";
			showEnvVarsInLog = 0;
		};
		E33EC2EBBADE9D512B686C51 /* [CP] Copy Pods Resources */ = {
			isa = PBXShellScriptBuildPhase;
			buildActionMask = 2147483647;
			files = (
			);
			inputPaths = (
			);
			name = "[CP] Copy Pods Resources";
			outputPaths = (
			);
			runOnlyForDeploymentPostprocessing = 0;
			shellPath = /bin/sh;
			shellScript = "\"${SRCROOT}/Pods/Target Support Files/Pods-NyTimesMostPopularArticles/Pods-NyTimesMostPopularArticles-resources.sh\"\n";
			showEnvVarsInLog = 0;
		};
/* End PBXShellScriptBuildPhase section */

/* Begin PBXSourcesBuildPhase section */
		4B25A7231F05149B007D5E30 /* Sources */ = {
			isa = PBXSourcesBuildPhase;
			buildActionMask = 2147483647;
			files = (
				4B6FAB491F056D150037F34F /* NyTimesMostPopularRepository.swift in Sources */,
				4B25A75D1F053394007D5E30 /* Article.swift in Sources */,
				4B6FAB521F058B2B0037F34F /* ArticleViewModel.swift in Sources */,
				4B6FAB461F05692C0037F34F /* SwinjectStoryboard+Setup.swift in Sources */,
				4B25A7611F0534A0007D5E30 /* MediaMetadata.swift in Sources */,
				4B6FAB501F0589D70037F34F /* ArticleTableViewCell.swift in Sources */,
				4B25A72D1F05149C007D5E30 /* ArticlesViewController.swift in Sources */,
				4B25A7641F05355A007D5E30 /* Section.swift in Sources */,
				4B25A72B1F05149C007D5E30 /* AppDelegate.swift in Sources */,
				4B25A7661F05358F007D5E30 /* TimePeriod.swift in Sources */,
				4B6FAB551F0616A40037F34F /* ArticleDetailsViewController.swift in Sources */,
				4B25A75F1F05344D007D5E30 /* Media.swift in Sources */,
				4B25A76A1F054D25007D5E30 /* NyTimesMostPopularArticlesApi.swift in Sources */,
				4B25A7681F053D85007D5E30 /* ArticlesResponse.swift in Sources */,
			);
			runOnlyForDeploymentPostprocessing = 0;
		};
		4B25A7371F05149C007D5E30 /* Sources */ = {
			isa = PBXSourcesBuildPhase;
			buildActionMask = 2147483647;
			files = (
				4B25A7401F05149C007D5E30 /* NyTimesMostPopularArticlesTests.swift in Sources */,
			);
			runOnlyForDeploymentPostprocessing = 0;
		};
		4B25A7421F05149C007D5E30 /* Sources */ = {
			isa = PBXSourcesBuildPhase;
			buildActionMask = 2147483647;
			files = (
				4B25A74B1F05149C007D5E30 /* NyTimesMostPopularArticlesUITests.swift in Sources */,
			);
			runOnlyForDeploymentPostprocessing = 0;
		};
/* End PBXSourcesBuildPhase section */

/* Begin PBXTargetDependency section */
		4B25A73D1F05149C007D5E30 /* PBXTargetDependency */ = {
			isa = PBXTargetDependency;
			target = 4B25A7261F05149B007D5E30 /* NyTimesMostPopularArticles */;
			targetProxy = 4B25A73C1F05149C007D5E30 /* PBXContainerItemProxy */;
		};
		4B25A7481F05149C007D5E30 /* PBXTargetDependency */ = {
			isa = PBXTargetDependency;
			target = 4B25A7261F05149B007D5E30 /* NyTimesMostPopularArticles */;
			targetProxy = 4B25A7471F05149C007D5E30 /* PBXContainerItemProxy */;
		};
/* End PBXTargetDependency section */

/* Begin PBXVariantGroup section */
		4B25A72E1F05149C007D5E30 /* Main.storyboard */ = {
			isa = PBXVariantGroup;
			children = (
				4B25A72F1F05149C007D5E30 /* Base */,
			);
			name = Main.storyboard;
			sourceTree = "<group>";
		};
		4B25A7331F05149C007D5E30 /* LaunchScreen.storyboard */ = {
			isa = PBXVariantGroup;
			children = (
				4B25A7341F05149C007D5E30 /* Base */,
			);
			name = LaunchScreen.storyboard;
			sourceTree = "<group>";
		};
/* End PBXVariantGroup section */

/* Begin XCBuildConfiguration section */
		4B25A74D1F05149C007D5E30 /* Debug */ = {
			isa = XCBuildConfiguration;
			buildSettings = {
				ALWAYS_SEARCH_USER_PATHS = NO;
				CLANG_ANALYZER_NONNULL = YES;
				CLANG_ANALYZER_NUMBER_OBJECT_CONVERSION = YES_AGGRESSIVE;
				CLANG_CXX_LANGUAGE_STANDARD = "gnu++0x";
				CLANG_CXX_LIBRARY = "libc++";
				CLANG_ENABLE_MODULES = YES;
				CLANG_ENABLE_OBJC_ARC = YES;
				CLANG_WARN_BOOL_CONVERSION = YES;
				CLANG_WARN_CONSTANT_CONVERSION = YES;
				CLANG_WARN_DIRECT_OBJC_ISA_USAGE = YES_ERROR;
				CLANG_WARN_DOCUMENTATION_COMMENTS = YES;
				CLANG_WARN_EMPTY_BODY = YES;
				CLANG_WARN_ENUM_CONVERSION = YES;
				CLANG_WARN_INFINITE_RECURSION = YES;
				CLANG_WARN_INT_CONVERSION = YES;
				CLANG_WARN_OBJC_ROOT_CLASS = YES_ERROR;
				CLANG_WARN_SUSPICIOUS_MOVE = YES;
				CLANG_WARN_UNREACHABLE_CODE = YES;
				CLANG_WARN__DUPLICATE_METHOD_MATCH = YES;
				"CODE_SIGN_IDENTITY[sdk=iphoneos*]" = "iPhone Developer";
				COPY_PHASE_STRIP = NO;
				DEBUG_INFORMATION_FORMAT = dwarf;
				ENABLE_STRICT_OBJC_MSGSEND = YES;
				ENABLE_TESTABILITY = YES;
				GCC_C_LANGUAGE_STANDARD = gnu99;
				GCC_DYNAMIC_NO_PIC = NO;
				GCC_NO_COMMON_BLOCKS = YES;
				GCC_OPTIMIZATION_LEVEL = 0;
				GCC_PREPROCESSOR_DEFINITIONS = (
					"DEBUG=1",
					"$(inherited)",
				);
				GCC_WARN_64_TO_32_BIT_CONVERSION = YES;
				GCC_WARN_ABOUT_RETURN_TYPE = YES_ERROR;
				GCC_WARN_UNDECLARED_SELECTOR = YES;
				GCC_WARN_UNINITIALIZED_AUTOS = YES_AGGRESSIVE;
				GCC_WARN_UNUSED_FUNCTION = YES;
				GCC_WARN_UNUSED_VARIABLE = YES;
				IPHONEOS_DEPLOYMENT_TARGET = 10.3;
				MTL_ENABLE_DEBUG_INFO = YES;
				ONLY_ACTIVE_ARCH = YES;
				SDKROOT = iphoneos;
				SWIFT_ACTIVE_COMPILATION_CONDITIONS = DEBUG;
				SWIFT_OPTIMIZATION_LEVEL = "-Onone";
			};
			name = Debug;
		};
		4B25A74E1F05149C007D5E30 /* Release */ = {
			isa = XCBuildConfiguration;
			buildSettings = {
				ALWAYS_SEARCH_USER_PATHS = NO;
				CLANG_ANALYZER_NONNULL = YES;
				CLANG_ANALYZER_NUMBER_OBJECT_CONVERSION = YES_AGGRESSIVE;
				CLANG_CXX_LANGUAGE_STANDARD = "gnu++0x";
				CLANG_CXX_LIBRARY = "libc++";
				CLANG_ENABLE_MODULES = YES;
				CLANG_ENABLE_OBJC_ARC = YES;
				CLANG_WARN_BOOL_CONVERSION = YES;
				CLANG_WARN_CONSTANT_CONVERSION = YES;
				CLANG_WARN_DIRECT_OBJC_ISA_USAGE = YES_ERROR;
				CLANG_WARN_DOCUMENTATION_COMMENTS = YES;
				CLANG_WARN_EMPTY_BODY = YES;
				CLANG_WARN_ENUM_CONVERSION = YES;
				CLANG_WARN_INFINITE_RECURSION = YES;
				CLANG_WARN_INT_CONVERSION = YES;
				CLANG_WARN_OBJC_ROOT_CLASS = YES_ERROR;
				CLANG_WARN_SUSPICIOUS_MOVE = YES;
				CLANG_WARN_UNREACHABLE_CODE = YES;
				CLANG_WARN__DUPLICATE_METHOD_MATCH = YES;
				"CODE_SIGN_IDENTITY[sdk=iphoneos*]" = "iPhone Developer";
				COPY_PHASE_STRIP = NO;
				DEBUG_INFORMATION_FORMAT = "dwarf-with-dsym";
				ENABLE_NS_ASSERTIONS = NO;
				ENABLE_STRICT_OBJC_MSGSEND = YES;
				GCC_C_LANGUAGE_STANDARD = gnu99;
				GCC_NO_COMMON_BLOCKS = YES;
				GCC_WARN_64_TO_32_BIT_CONVERSION = YES;
				GCC_WARN_ABOUT_RETURN_TYPE = YES_ERROR;
				GCC_WARN_UNDECLARED_SELECTOR = YES;
				GCC_WARN_UNINITIALIZED_AUTOS = YES_AGGRESSIVE;
				GCC_WARN_UNUSED_FUNCTION = YES;
				GCC_WARN_UNUSED_VARIABLE = YES;
				IPHONEOS_DEPLOYMENT_TARGET = 10.3;
				MTL_ENABLE_DEBUG_INFO = NO;
				SDKROOT = iphoneos;
				SWIFT_OPTIMIZATION_LEVEL = "-Owholemodule";
				VALIDATE_PRODUCT = YES;
			};
			name = Release;
		};
		4B25A7501F05149C007D5E30 /* Debug */ = {
			isa = XCBuildConfiguration;
			baseConfigurationReference = BE36FFB5C0B6D1C1F098AFCE /* Pods-NyTimesMostPopularArticles.debug.xcconfig */;
			buildSettings = {
				ASSETCATALOG_COMPILER_APPICON_NAME = AppIcon;
				DEVELOPMENT_TEAM = "";
				INFOPLIST_FILE = NyTimesMostPopularArticles/Info.plist;
				IPHONEOS_DEPLOYMENT_TARGET = 9.0;
				LD_RUNPATH_SEARCH_PATHS = "$(inherited) @executable_path/Frameworks";
				PRODUCT_BUNDLE_IDENTIFIER = com.warnyul.NyTimesMostPopularArticles;
				PRODUCT_NAME = "$(TARGET_NAME)";
				SWIFT_VERSION = 3.0;
			};
			name = Debug;
		};
		4B25A7511F05149C007D5E30 /* Release */ = {
			isa = XCBuildConfiguration;
			baseConfigurationReference = 4D0A2B65A49795BF7BA17A14 /* Pods-NyTimesMostPopularArticles.release.xcconfig */;
			buildSettings = {
				ASSETCATALOG_COMPILER_APPICON_NAME = AppIcon;
				DEVELOPMENT_TEAM = "";
				INFOPLIST_FILE = NyTimesMostPopularArticles/Info.plist;
				IPHONEOS_DEPLOYMENT_TARGET = 9.0;
				LD_RUNPATH_SEARCH_PATHS = "$(inherited) @executable_path/Frameworks";
				PRODUCT_BUNDLE_IDENTIFIER = com.warnyul.NyTimesMostPopularArticles;
				PRODUCT_NAME = "$(TARGET_NAME)";
				SWIFT_VERSION = 3.0;
			};
			name = Release;
		};
		4B25A7531F05149C007D5E30 /* Debug */ = {
			isa = XCBuildConfiguration;
			baseConfigurationReference = FB2D779DCB5A78A9CEE6288A /* Pods-NyTimesMostPopularArticlesTests.debug.xcconfig */;
			buildSettings = {
				ALWAYS_EMBED_SWIFT_STANDARD_LIBRARIES = YES;
				BUNDLE_LOADER = "$(TEST_HOST)";
				INFOPLIST_FILE = NyTimesMostPopularArticlesTests/Info.plist;
				LD_RUNPATH_SEARCH_PATHS = "$(inherited) @executable_path/Frameworks @loader_path/Frameworks";
				PRODUCT_BUNDLE_IDENTIFIER = com.warnyul.NyTimesMostPopularArticlesTests;
				PRODUCT_NAME = "$(TARGET_NAME)";
				SWIFT_VERSION = 3.0;
				TEST_HOST = "$(BUILT_PRODUCTS_DIR)/NyTimesMostPopularArticles.app/NyTimesMostPopularArticles";
			};
			name = Debug;
		};
		4B25A7541F05149C007D5E30 /* Release */ = {
			isa = XCBuildConfiguration;
			baseConfigurationReference = 159DD3F6854C48234A112EFE /* Pods-NyTimesMostPopularArticlesTests.release.xcconfig */;
			buildSettings = {
				ALWAYS_EMBED_SWIFT_STANDARD_LIBRARIES = YES;
				BUNDLE_LOADER = "$(TEST_HOST)";
				INFOPLIST_FILE = NyTimesMostPopularArticlesTests/Info.plist;
				LD_RUNPATH_SEARCH_PATHS = "$(inherited) @executable_path/Frameworks @loader_path/Frameworks";
				PRODUCT_BUNDLE_IDENTIFIER = com.warnyul.NyTimesMostPopularArticlesTests;
				PRODUCT_NAME = "$(TARGET_NAME)";
				SWIFT_VERSION = 3.0;
				TEST_HOST = "$(BUILT_PRODUCTS_DIR)/NyTimesMostPopularArticles.app/NyTimesMostPopularArticles";
			};
			name = Release;
		};
		4B25A7561F05149C007D5E30 /* Debug */ = {
			isa = XCBuildConfiguration;
			baseConfigurationReference = 63D71094AECCB2C8212BA482 /* Pods-NyTimesMostPopularArticlesUITests.debug.xcconfig */;
			buildSettings = {
				ALWAYS_EMBED_SWIFT_STANDARD_LIBRARIES = YES;
				INFOPLIST_FILE = NyTimesMostPopularArticlesUITests/Info.plist;
				LD_RUNPATH_SEARCH_PATHS = "$(inherited) @executable_path/Frameworks @loader_path/Frameworks";
				PRODUCT_BUNDLE_IDENTIFIER = com.warnyul.NyTimesMostPopularArticlesUITests;
				PRODUCT_NAME = "$(TARGET_NAME)";
				SWIFT_VERSION = 3.0;
				TEST_TARGET_NAME = NyTimesMostPopularArticles;
			};
			name = Debug;
		};
		4B25A7571F05149C007D5E30 /* Release */ = {
			isa = XCBuildConfiguration;
			baseConfigurationReference = 36A4E2917D5C9645F9223C4F /* Pods-NyTimesMostPopularArticlesUITests.release.xcconfig */;
			buildSettings = {
				ALWAYS_EMBED_SWIFT_STANDARD_LIBRARIES = YES;
				INFOPLIST_FILE = NyTimesMostPopularArticlesUITests/Info.plist;
				LD_RUNPATH_SEARCH_PATHS = "$(inherited) @executable_path/Frameworks @loader_path/Frameworks";
				PRODUCT_BUNDLE_IDENTIFIER = com.warnyul.NyTimesMostPopularArticlesUITests;
				PRODUCT_NAME = "$(TARGET_NAME)";
				SWIFT_VERSION = 3.0;
				TEST_TARGET_NAME = NyTimesMostPopularArticles;
			};
			name = Release;
		};
/* End XCBuildConfiguration section */

/* Begin XCConfigurationList section */
		4B25A7221F05149B007D5E30 /* Build configuration list for PBXProject "NyTimesMostPopularArticles" */ = {
			isa = XCConfigurationList;
			buildConfigurations = (
				4B25A74D1F05149C007D5E30 /* Debug */,
				4B25A74E1F05149C007D5E30 /* Release */,
			);
			defaultConfigurationIsVisible = 0;
			defaultConfigurationName = Release;
		};
		4B25A74F1F05149C007D5E30 /* Build configuration list for PBXNativeTarget "NyTimesMostPopularArticles" */ = {
			isa = XCConfigurationList;
			buildConfigurations = (
				4B25A7501F05149C007D5E30 /* Debug */,
				4B25A7511F05149C007D5E30 /* Release */,
			);
			defaultConfigurationIsVisible = 0;
			defaultConfigurationName = Release;
		};
		4B25A7521F05149C007D5E30 /* Build configuration list for PBXNativeTarget "NyTimesMostPopularArticlesTests" */ = {
			isa = XCConfigurationList;
			buildConfigurations = (
				4B25A7531F05149C007D5E30 /* Debug */,
				4B25A7541F05149C007D5E30 /* Release */,
			);
			defaultConfigurationIsVisible = 0;
			defaultConfigurationName = Release;
		};
		4B25A7551F05149C007D5E30 /* Build configuration list for PBXNativeTarget "NyTimesMostPopularArticlesUITests" */ = {
			isa = XCConfigurationList;
			buildConfigurations = (
				4B25A7561F05149C007D5E30 /* Debug */,
				4B25A7571F05149C007D5E30 /* Release */,
			);
			defaultConfigurationIsVisible = 0;
			defaultConfigurationName = Release;
		};
/* End XCConfigurationList section */
	};
	rootObject = 4B25A71F1F05149B007D5E30 /* Project object */;
}
